
Microsoft Visual Studio Solution File, Format Version 12.00
# Visual Studio Version 17
VisualStudioVersion = 17.13.35913.81
MinimumVisualStudioVersion = 10.0.40219.1
Project("{FAE04EC0-301F-11D3-BF4B-00C04F79EFBC}") = "1.Creational", "FactoryMethod\1.Creational.csproj", "{D978D230-DCF6-4360-8EB3-DDDD9D5A1DFF}"
EndProject
Project("{FAE04EC0-301F-11D3-BF4B-00C04F79EFBC}") = "2.Structural", "2.Creational\2.Structural.csproj", "{9F265428-A39F-4B03-BFA6-BA4099C07BD4}"
EndProject
Project("{FAE04EC0-301F-11D3-BF4B-00C04F79EFBC}") = "3.Behavioral", "3.Behavioral\3.Behavioral.csproj", "{0072F92D-6FC9-48B7-B42D-475F4E5CF630}"
EndProject
Global
	GlobalSection(SolutionConfigurationPlatforms) = preSolution
		Debug|Any CPU = Debug|Any CPU
		Release|Any CPU = Release|Any CPU
	EndGlobalSection
	GlobalSection(ProjectConfigurationPlatforms) = postSolution
		{D978D230-DCF6-4360-8EB3-DDDD9D5A1DFF}.Debug|Any CPU.ActiveCfg = Debug|Any CPU
		{D978D230-DCF6-4360-8EB3-DDDD9D5A1DFF}.Debug|Any CPU.Build.0 = Debug|Any CPU
		{D978D230-DCF6-4360-8EB3-DDDD9D5A1DFF}.Release|Any CPU.ActiveCfg = Release|Any CPU
		{D978D230-DCF6-4360-8EB3-DDDD9D5A1DFF}.Release|Any CPU.Build.0 = Release|Any CPU
		{9F265428-A39F-4B03-BFA6-BA4099C07BD4}.Debug|Any CPU.ActiveCfg = Debug|Any CPU
		{9F265428-A39F-4B03-BFA6-BA4099C07BD4}.Debug|Any CPU.Build.0 = Debug|Any CPU
		{9F265428-A39F-4B03-BFA6-BA4099C07BD4}.Release|Any CPU.ActiveCfg = Release|Any CPU
		{9F265428-A39F-4B03-BFA6-BA4099C07BD4}.Release|Any CPU.Build.0 = Release|Any CPU
		{0072F92D-6FC9-48B7-B42D-475F4E5CF630}.Debug|Any CPU.ActiveCfg = Debug|Any CPU
		{0072F92D-6FC9-48B7-B42D-475F4E5CF630}.Debug|Any CPU.Build.0 = Debug|Any CPU
		{0072F92D-6FC9-48B7-B42D-475F4E5CF630}.Release|Any CPU.ActiveCfg = Release|Any CPU
		{0072F92D-6FC9-48B7-B42D-475F4E5CF630}.Release|Any CPU.Build.0 = Release|Any CPU
	EndGlobalSection
	GlobalSection(SolutionProperties) = preSolution
		HideSolutionNode = FALSE
	EndGlobalSection
	GlobalSection(ExtensibilityGlobals) = postSolution
		SolutionGuid = {B04788A2-CBC3-49A5-921E-B7A396551F82}
	EndGlobalSection
EndGlobal
